
Microsoft Visual Studio Solution File, Format Version 12.00
# Visual Studio Version 16
VisualStudioVersion = 16.0.34114.132
MinimumVisualStudioVersion = 10.0.40219.1
Project("{9A19103F-16F7-4668-BE54-9A1E7A4F7556}") = "perhitungan", "perhitungan\perhitungan.csproj", "{50E7E9A4-11BC-49BA-8411-27B833429E5C}"
EndProject
Project("{FAE04EC0-301F-11D3-BF4B-00C04F79EFBC}") = "perhitunganTests", "perhitunganTests\perhitunganTests.csproj", "{F023071B-0D32-4FE7-A1DE-29EC7643512B}"
EndProject
Global
	GlobalSection(SolutionConfigurationPlatforms) = preSolution
		Debug|Any CPU = Debug|Any CPU
		Release|Any CPU = Release|Any CPU
	EndGlobalSection
	GlobalSection(ProjectConfigurationPlatforms) = postSolution
		{50E7E9A4-11BC-49BA-8411-27B833429E5C}.Debug|Any CPU.ActiveCfg = Debug|Any CPU
		{50E7E9A4-11BC-49BA-8411-27B833429E5C}.Debug|Any CPU.Build.0 = Debug|Any CPU
		{50E7E9A4-11BC-49BA-8411-27B833429E5C}.Release|Any CPU.ActiveCfg = Release|Any CPU
		{50E7E9A4-11BC-49BA-8411-27B833429E5C}.Release|Any CPU.Build.0 = Release|Any CPU
		{F023071B-0D32-4FE7-A1DE-29EC7643512B}.Debug|Any CPU.ActiveCfg = Debug|Any CPU
		{F023071B-0D32-4FE7-A1DE-29EC7643512B}.Debug|Any CPU.Build.0 = Debug|Any CPU
		{F023071B-0D32-4FE7-A1DE-29EC7643512B}.Release|Any CPU.ActiveCfg = Release|Any CPU
		{F023071B-0D32-4FE7-A1DE-29EC7643512B}.Release|Any CPU.Build.0 = Release|Any CPU
	EndGlobalSection
	GlobalSection(SolutionProperties) = preSolution
		HideSolutionNode = FALSE
	EndGlobalSection
	GlobalSection(ExtensibilityGlobals) = postSolution
		SolutionGuid = {CB298976-9AF9-4F87-93C2-69AF89A7112D}
	EndGlobalSection
EndGlobal
